
Microsoft Visual Studio Solution File, Format Version 12.00
# Visual Studio Version 16
VisualStudioVersion = 16.0.29411.108
MinimumVisualStudioVersion = 10.0.40219.1
Project("{9A19103F-16F7-4668-BE54-9A1E7A4F7556}") = "Open.Serialization", "Open.Serialization\Open.Serialization.csproj", "{AD459933-8F06-4609-A731-C679E1477E91}"
EndProject
Project("{9A19103F-16F7-4668-BE54-9A1E7A4F7556}") = "Open.Serialization.Json", "Open.Serialization.Json\Open.Serialization.Json.csproj", "{D4B99E89-AF5C-4ADB-BC36-A22A58849B53}"
EndProject
Project("{9A19103F-16F7-4668-BE54-9A1E7A4F7556}") = "Open.Serialization.Json.System", "Open.Serialization.Json.System\Open.Serialization.Json.System.csproj", "{11C4DC58-266D-4C5B-8A15-1C2ADFB15C29}"
EndProject
Project("{9A19103F-16F7-4668-BE54-9A1E7A4F7556}") = "Open.Serialization.Json.Newtonsoft", "Open.Serialization.Json.Newtonsoft\Open.Serialization.Json.Newtonsoft.csproj", "{30179FC8-4270-4E4F-86CE-BEA03E9DC358}"
EndProject
Project("{9A19103F-16F7-4668-BE54-9A1E7A4F7556}") = "Open.Serialization.Json.Utf8Json", "Open.Serialization.Json.Utf8Json\Open.Serialization.Json.Utf8Json.csproj", "{78695C58-3C3E-42DC-B588-9B9F2E9E400B}"
EndProject
Project("{9A19103F-16F7-4668-BE54-9A1E7A4F7556}") = "Open.Serialization.Tests", "Open.Serialization.Tests\Open.Serialization.Tests.csproj", "{A3278929-4835-4860-94C1-BA442CDEA3FA}"
EndProject
Global
	GlobalSection(SolutionConfigurationPlatforms) = preSolution
		Debug|Any CPU = Debug|Any CPU
		Release|Any CPU = Release|Any CPU
	EndGlobalSection
	GlobalSection(ProjectConfigurationPlatforms) = postSolution
		{AD459933-8F06-4609-A731-C679E1477E91}.Debug|Any CPU.ActiveCfg = Debug|Any CPU
		{AD459933-8F06-4609-A731-C679E1477E91}.Debug|Any CPU.Build.0 = Debug|Any CPU
		{AD459933-8F06-4609-A731-C679E1477E91}.Release|Any CPU.ActiveCfg = Release|Any CPU
		{AD459933-8F06-4609-A731-C679E1477E91}.Release|Any CPU.Build.0 = Release|Any CPU
		{D4B99E89-AF5C-4ADB-BC36-A22A58849B53}.Debug|Any CPU.ActiveCfg = Debug|Any CPU
		{D4B99E89-AF5C-4ADB-BC36-A22A58849B53}.Debug|Any CPU.Build.0 = Debug|Any CPU
		{D4B99E89-AF5C-4ADB-BC36-A22A58849B53}.Release|Any CPU.ActiveCfg = Release|Any CPU
		{D4B99E89-AF5C-4ADB-BC36-A22A58849B53}.Release|Any CPU.Build.0 = Release|Any CPU
		{11C4DC58-266D-4C5B-8A15-1C2ADFB15C29}.Debug|Any CPU.ActiveCfg = Debug|Any CPU
		{11C4DC58-266D-4C5B-8A15-1C2ADFB15C29}.Debug|Any CPU.Build.0 = Debug|Any CPU
		{11C4DC58-266D-4C5B-8A15-1C2ADFB15C29}.Release|Any CPU.ActiveCfg = Release|Any CPU
		{11C4DC58-266D-4C5B-8A15-1C2ADFB15C29}.Release|Any CPU.Build.0 = Release|Any CPU
		{30179FC8-4270-4E4F-86CE-BEA03E9DC358}.Debug|Any CPU.ActiveCfg = Debug|Any CPU
		{30179FC8-4270-4E4F-86CE-BEA03E9DC358}.Debug|Any CPU.Build.0 = Debug|Any CPU
		{30179FC8-4270-4E4F-86CE-BEA03E9DC358}.Release|Any CPU.ActiveCfg = Release|Any CPU
		{30179FC8-4270-4E4F-86CE-BEA03E9DC358}.Release|Any CPU.Build.0 = Release|Any CPU
		{78695C58-3C3E-42DC-B588-9B9F2E9E400B}.Debug|Any CPU.ActiveCfg = Debug|Any CPU
		{78695C58-3C3E-42DC-B588-9B9F2E9E400B}.Debug|Any CPU.Build.0 = Debug|Any CPU
		{78695C58-3C3E-42DC-B588-9B9F2E9E400B}.Release|Any CPU.ActiveCfg = Release|Any CPU
		{78695C58-3C3E-42DC-B588-9B9F2E9E400B}.Release|Any CPU.Build.0 = Release|Any CPU
		{A3278929-4835-4860-94C1-BA442CDEA3FA}.Debug|Any CPU.ActiveCfg = Debug|Any CPU
		{A3278929-4835-4860-94C1-BA442CDEA3FA}.Debug|Any CPU.Build.0 = Debug|Any CPU
		{A3278929-4835-4860-94C1-BA442CDEA3FA}.Release|Any CPU.ActiveCfg = Release|Any CPU
		{A3278929-4835-4860-94C1-BA442CDEA3FA}.Release|Any CPU.Build.0 = Release|Any CPU
	EndGlobalSection
	GlobalSection(SolutionProperties) = preSolution
		HideSolutionNode = FALSE
	EndGlobalSection
	GlobalSection(ExtensibilityGlobals) = postSolution
		SolutionGuid = {0AB837D3-B1BE-471B-B860-A2D16EEB71F5}
	EndGlobalSection
EndGlobal
